// !$*UTF8*$!
{
	archiveVersion = 1;
	classes = {
	};
	objectVersion = 50;
	objects = {

/* Begin PBXBuildFile section */
		8412709523D8435B003C040F /* VKSdkFramework.framework in Frameworks */ = {isa = PBXBuildFile; fileRef = 8412709423D8435B003C040F /* VKSdkFramework.framework */; };
		8412709623D8435B003C040F /* VKSdkFramework.framework in Embed Frameworks */ = {isa = PBXBuildFile; fileRef = 8412709423D8435B003C040F /* VKSdkFramework.framework */; settings = {ATTRIBUTES = (CodeSignOnCopy, RemoveHeadersOnCopy, ); }; };
		8412709A23D84447003C040F /* AuthService.swift in Sources */ = {isa = PBXBuildFile; fileRef = 8412709923D84447003C040F /* AuthService.swift */; };
		8412709D23D84877003C040F /* AuthViewController.swift in Sources */ = {isa = PBXBuildFile; fileRef = 8412709C23D84877003C040F /* AuthViewController.swift */; };
		8412709F23D84894003C040F /* AuthViewController.storyboard in Resources */ = {isa = PBXBuildFile; fileRef = 8412709E23D84894003C040F /* AuthViewController.storyboard */; };
		841270A623D860DC003C040F /* NetworkService.swift in Sources */ = {isa = PBXBuildFile; fileRef = 841270A523D860DC003C040F /* NetworkService.swift */; };
		841270A823D861B0003C040F /* API.swift in Sources */ = {isa = PBXBuildFile; fileRef = 841270A723D861B0003C040F /* API.swift */; };
		841270AB23D86C54003C040F /* FeedResponse.swift in Sources */ = {isa = PBXBuildFile; fileRef = 841270AA23D86C54003C040F /* FeedResponse.swift */; };
		841270AD23D871D2003C040F /* NetworkDataFetcher.swift in Sources */ = {isa = PBXBuildFile; fileRef = 841270AC23D871D2003C040F /* NetworkDataFetcher.swift */; };
		841270B723D87F1B003C040F /* NewsFeedPresenter.swift in Sources */ = {isa = PBXBuildFile; fileRef = 841270B023D87F1B003C040F /* NewsFeedPresenter.swift */; };
		841270B823D87F1B003C040F /* NewsFeedWorker.swift in Sources */ = {isa = PBXBuildFile; fileRef = 841270B123D87F1B003C040F /* NewsFeedWorker.swift */; };
		841270B923D87F1B003C040F /* NewsFeedRouter.swift in Sources */ = {isa = PBXBuildFile; fileRef = 841270B223D87F1B003C040F /* NewsFeedRouter.swift */; };
		841270BA23D87F1B003C040F /* NewsFeedModels.swift in Sources */ = {isa = PBXBuildFile; fileRef = 841270B323D87F1B003C040F /* NewsFeedModels.swift */; };
		841270BB23D87F1B003C040F /* NewsFeedViewController.swift in Sources */ = {isa = PBXBuildFile; fileRef = 841270B423D87F1B003C040F /* NewsFeedViewController.swift */; };
		841270BC23D87F1B003C040F /* NewsFeedInteractor.swift in Sources */ = {isa = PBXBuildFile; fileRef = 841270B523D87F1B003C040F /* NewsFeedInteractor.swift */; };
		841270BF23D8823D003C040F /* NewsFeedViewController.storyboard in Resources */ = {isa = PBXBuildFile; fileRef = 841270BE23D8823D003C040F /* NewsFeedViewController.storyboard */; };
		841270C223D888A9003C040F /* NewsFeedCell.swift in Sources */ = {isa = PBXBuildFile; fileRef = 841270C123D888A9003C040F /* NewsFeedCell.swift */; };
		841270C423D888F5003C040F /* NewsFeedCell.xib in Resources */ = {isa = PBXBuildFile; fileRef = 841270C323D888F5003C040F /* NewsFeedCell.xib */; };
		841270C723D8A6A3003C040F /* WebImageView.swift in Sources */ = {isa = PBXBuildFile; fileRef = 841270C623D8A6A2003C040F /* WebImageView.swift */; };
		841270C923D8C51B003C040F /* NewsFeedCellLayoutCalculator.swift in Sources */ = {isa = PBXBuildFile; fileRef = 841270C823D8C51B003C040F /* NewsFeedCellLayoutCalculator.swift */; };
		841270CB23D8D198003C040F /* String + Height.swift in Sources */ = {isa = PBXBuildFile; fileRef = 841270CA23D8D198003C040F /* String + Height.swift */; };
		841270CF23D8E789003C040F /* NewsPhotosViewController.swift in Sources */ = {isa = PBXBuildFile; fileRef = 841270CE23D8E789003C040F /* NewsPhotosViewController.swift */; };
		844F037623DF822300C2AE3D /* GalleryCollectionView.swift in Sources */ = {isa = PBXBuildFile; fileRef = 844F037523DF822300C2AE3D /* GalleryCollectionView.swift */; };
		844F037823DF823100C2AE3D /* GalleryCollectionViewCell.swift in Sources */ = {isa = PBXBuildFile; fileRef = 844F037723DF823100C2AE3D /* GalleryCollectionViewCell.swift */; };
		844F037A23DF829700C2AE3D /* Constraints.swift in Sources */ = {isa = PBXBuildFile; fileRef = 844F037923DF829700C2AE3D /* Constraints.swift */; };
		845EF6CD23D835C300831905 /* AppDelegate.swift in Sources */ = {isa = PBXBuildFile; fileRef = 845EF6CC23D835C300831905 /* AppDelegate.swift */; };
		845EF6D623D835EB00831905 /* Assets.xcassets in Resources */ = {isa = PBXBuildFile; fileRef = 845EF6D523D835EB00831905 /* Assets.xcassets */; };
		845EF6D923D835EB00831905 /* LaunchScreen.storyboard in Resources */ = {isa = PBXBuildFile; fileRef = 845EF6D723D835EB00831905 /* LaunchScreen.storyboard */; };
/* End PBXBuildFile section */

/* Begin PBXCopyFilesBuildPhase section */
		8412709723D8435B003C040F /* Embed Frameworks */ = {
			isa = PBXCopyFilesBuildPhase;
			buildActionMask = 2147483647;
			dstPath = "";
			dstSubfolderSpec = 10;
			files = (
				8412709623D8435B003C040F /* VKSdkFramework.framework in Embed Frameworks */,
			);
			name = "Embed Frameworks";
			runOnlyForDeploymentPostprocessing = 0;
		};
/* End PBXCopyFilesBuildPhase section */

/* Begin PBXFileReference section */
		8412709423D8435B003C040F /* VKSdkFramework.framework */ = {isa = PBXFileReference; lastKnownFileType = wrapper.framework; name = VKSdkFramework.framework; path = Carthage/Build/iOS/VKSdkFramework.framework; sourceTree = "<group>"; };
		8412709923D84447003C040F /* AuthService.swift */ = {isa = PBXFileReference; fileEncoding = 4; lastKnownFileType = sourcecode.swift; path = AuthService.swift; sourceTree = "<group>"; };
		8412709C23D84877003C040F /* AuthViewController.swift */ = {isa = PBXFileReference; lastKnownFileType = sourcecode.swift; path = AuthViewController.swift; sourceTree = "<group>"; };
		8412709E23D84894003C040F /* AuthViewController.storyboard */ = {isa = PBXFileReference; lastKnownFileType = file.storyboard; path = AuthViewController.storyboard; sourceTree = "<group>"; };
		841270A523D860DC003C040F /* NetworkService.swift */ = {isa = PBXFileReference; lastKnownFileType = sourcecode.swift; path = NetworkService.swift; sourceTree = "<group>"; };
		841270A723D861B0003C040F /* API.swift */ = {isa = PBXFileReference; lastKnownFileType = sourcecode.swift; path = API.swift; sourceTree = "<group>"; };
		841270AA23D86C54003C040F /* FeedResponse.swift */ = {isa = PBXFileReference; lastKnownFileType = sourcecode.swift; path = FeedResponse.swift; sourceTree = "<group>"; };
		841270AC23D871D2003C040F /* NetworkDataFetcher.swift */ = {isa = PBXFileReference; lastKnownFileType = sourcecode.swift; path = NetworkDataFetcher.swift; sourceTree = "<group>"; };
		841270B023D87F1B003C040F /* NewsFeedPresenter.swift */ = {isa = PBXFileReference; lastKnownFileType = sourcecode.swift; path = NewsFeedPresenter.swift; sourceTree = "<group>"; };
		841270B123D87F1B003C040F /* NewsFeedWorker.swift */ = {isa = PBXFileReference; lastKnownFileType = sourcecode.swift; path = NewsFeedWorker.swift; sourceTree = "<group>"; };
		841270B223D87F1B003C040F /* NewsFeedRouter.swift */ = {isa = PBXFileReference; lastKnownFileType = sourcecode.swift; path = NewsFeedRouter.swift; sourceTree = "<group>"; };
		841270B323D87F1B003C040F /* NewsFeedModels.swift */ = {isa = PBXFileReference; lastKnownFileType = sourcecode.swift; path = NewsFeedModels.swift; sourceTree = "<group>"; };
		841270B423D87F1B003C040F /* NewsFeedViewController.swift */ = {isa = PBXFileReference; lastKnownFileType = sourcecode.swift; path = NewsFeedViewController.swift; sourceTree = "<group>"; };
		841270B523D87F1B003C040F /* NewsFeedInteractor.swift */ = {isa = PBXFileReference; lastKnownFileType = sourcecode.swift; path = NewsFeedInteractor.swift; sourceTree = "<group>"; };
		841270BE23D8823D003C040F /* NewsFeedViewController.storyboard */ = {isa = PBXFileReference; lastKnownFileType = file.storyboard; path = NewsFeedViewController.storyboard; sourceTree = "<group>"; };
		841270C123D888A9003C040F /* NewsFeedCell.swift */ = {isa = PBXFileReference; lastKnownFileType = sourcecode.swift; path = NewsFeedCell.swift; sourceTree = "<group>"; };
		841270C323D888F5003C040F /* NewsFeedCell.xib */ = {isa = PBXFileReference; lastKnownFileType = file.xib; path = NewsFeedCell.xib; sourceTree = "<group>"; };
		841270C623D8A6A2003C040F /* WebImageView.swift */ = {isa = PBXFileReference; lastKnownFileType = sourcecode.swift; path = WebImageView.swift; sourceTree = "<group>"; };
		841270C823D8C51B003C040F /* NewsFeedCellLayoutCalculator.swift */ = {isa = PBXFileReference; lastKnownFileType = sourcecode.swift; path = NewsFeedCellLayoutCalculator.swift; sourceTree = "<group>"; };
		841270CA23D8D198003C040F /* String + Height.swift */ = {isa = PBXFileReference; lastKnownFileType = sourcecode.swift; path = "String + Height.swift"; sourceTree = "<group>"; };
		841270CE23D8E789003C040F /* NewsPhotosViewController.swift */ = {isa = PBXFileReference; lastKnownFileType = sourcecode.swift; path = NewsPhotosViewController.swift; sourceTree = "<group>"; };
		844F037523DF822300C2AE3D /* GalleryCollectionView.swift */ = {isa = PBXFileReference; lastKnownFileType = sourcecode.swift; path = GalleryCollectionView.swift; sourceTree = "<group>"; };
		844F037723DF823100C2AE3D /* GalleryCollectionViewCell.swift */ = {isa = PBXFileReference; lastKnownFileType = sourcecode.swift; path = GalleryCollectionViewCell.swift; sourceTree = "<group>"; };
		844F037923DF829700C2AE3D /* Constraints.swift */ = {isa = PBXFileReference; lastKnownFileType = sourcecode.swift; path = Constraints.swift; sourceTree = "<group>"; };
		845EF6C923D835C200831905 /* FakeVK.app */ = {isa = PBXFileReference; explicitFileType = wrapper.application; includeInIndex = 0; path = FakeVK.app; sourceTree = BUILT_PRODUCTS_DIR; };
		845EF6CC23D835C300831905 /* AppDelegate.swift */ = {isa = PBXFileReference; lastKnownFileType = sourcecode.swift; path = AppDelegate.swift; sourceTree = "<group>"; };
		845EF6D523D835EB00831905 /* Assets.xcassets */ = {isa = PBXFileReference; lastKnownFileType = folder.assetcatalog; path = Assets.xcassets; sourceTree = "<group>"; };
		845EF6D823D835EB00831905 /* Base */ = {isa = PBXFileReference; lastKnownFileType = file.storyboard; name = Base; path = Base.lproj/LaunchScreen.storyboard; sourceTree = "<group>"; };
		845EF6DA23D835EB00831905 /* Info.plist */ = {isa = PBXFileReference; lastKnownFileType = text.plist.xml; path = Info.plist; sourceTree = "<group>"; };
/* End PBXFileReference section */

/* Begin PBXFrameworksBuildPhase section */
		845EF6C623D835C200831905 /* Frameworks */ = {
			isa = PBXFrameworksBuildPhase;
			buildActionMask = 2147483647;
			files = (
				8412709523D8435B003C040F /* VKSdkFramework.framework in Frameworks */,
			);
			runOnlyForDeploymentPostprocessing = 0;
		};
/* End PBXFrameworksBuildPhase section */

/* Begin PBXGroup section */
		8412709323D8435A003C040F /* Frameworks */ = {
			isa = PBXGroup;
			children = (
				8412709423D8435B003C040F /* VKSdkFramework.framework */,
			);
			name = Frameworks;
			sourceTree = "<group>";
		};
		8412709B23D8444F003C040F /* Services */ = {
			isa = PBXGroup;
			children = (
				841270A923D86C2A003C040F /* Models */,
				8412709923D84447003C040F /* AuthService.swift */,
				841270A523D860DC003C040F /* NetworkService.swift */,
				841270A723D861B0003C040F /* API.swift */,
				841270AC23D871D2003C040F /* NetworkDataFetcher.swift */,
			);
			name = Services;
			sourceTree = "<group>";
		};
		841270A023D848CC003C040F /* Auth */ = {
			isa = PBXGroup;
			children = (
				8412709C23D84877003C040F /* AuthViewController.swift */,
				8412709E23D84894003C040F /* AuthViewController.storyboard */,
			);
			path = Auth;
			sourceTree = "<group>";
		};
		841270A923D86C2A003C040F /* Models */ = {
			isa = PBXGroup;
			children = (
				841270AA23D86C54003C040F /* FeedResponse.swift */,
			);
			name = Models;
			sourceTree = "<group>";
		};
		841270AF23D87EE2003C040F /* NewsFeed */ = {
			isa = PBXGroup;
			children = (
				844F037423DF820900C2AE3D /* GalleryView */,
				841270C023D88890003C040F /* Cell */,
				841270BE23D8823D003C040F /* NewsFeedViewController.storyboard */,
				841270B423D87F1B003C040F /* NewsFeedViewController.swift */,
				841270CE23D8E789003C040F /* NewsPhotosViewController.swift */,
				841270B523D87F1B003C040F /* NewsFeedInteractor.swift */,
				841270B023D87F1B003C040F /* NewsFeedPresenter.swift */,
				841270B323D87F1B003C040F /* NewsFeedModels.swift */,
				841270B123D87F1B003C040F /* NewsFeedWorker.swift */,
				841270B223D87F1B003C040F /* NewsFeedRouter.swift */,
			);
			name = NewsFeed;
			sourceTree = "<group>";
		};
		841270C023D88890003C040F /* Cell */ = {
			isa = PBXGroup;
			children = (
				841270C123D888A9003C040F /* NewsFeedCell.swift */,
				841270C823D8C51B003C040F /* NewsFeedCellLayoutCalculator.swift */,
				841270C323D888F5003C040F /* NewsFeedCell.xib */,
			);
			name = Cell;
			sourceTree = "<group>";
		};
		841270C523D8A67E003C040F /* Helpers */ = {
			isa = PBXGroup;
			children = (
				841270C623D8A6A2003C040F /* WebImageView.swift */,
				841270CA23D8D198003C040F /* String + Height.swift */,
				844F037923DF829700C2AE3D /* Constraints.swift */,
			);
			path = Helpers;
			sourceTree = "<group>";
		};
		844F037423DF820900C2AE3D /* GalleryView */ = {
			isa = PBXGroup;
			children = (
				844F037523DF822300C2AE3D /* GalleryCollectionView.swift */,
				844F037723DF823100C2AE3D /* GalleryCollectionViewCell.swift */,
			);
			name = GalleryView;
			sourceTree = "<group>";
		};
		845EF6C023D835C200831905 = {
			isa = PBXGroup;
			children = (
				845EF6CB23D835C200831905 /* FakeVK */,
				845EF6CA23D835C200831905 /* Products */,
				8412709323D8435A003C040F /* Frameworks */,
			);
			sourceTree = "<group>";
		};
		845EF6CA23D835C200831905 /* Products */ = {
			isa = PBXGroup;
			children = (
				845EF6C923D835C200831905 /* FakeVK.app */,
			);
			name = Products;
			sourceTree = "<group>";
		};
		845EF6CB23D835C200831905 /* FakeVK */ = {
			isa = PBXGroup;
			children = (
				845EF6CC23D835C300831905 /* AppDelegate.swift */,
				8412709B23D8444F003C040F /* Services */,
				841270A023D848CC003C040F /* Auth */,
				841270AF23D87EE2003C040F /* NewsFeed */,
				841270C523D8A67E003C040F /* Helpers */,
				845EF6D523D835EB00831905 /* Assets.xcassets */,
				845EF6D723D835EB00831905 /* LaunchScreen.storyboard */,
				845EF6DA23D835EB00831905 /* Info.plist */,
			);
			path = FakeVK;
			sourceTree = "<group>";
		};
/* End PBXGroup section */

/* Begin PBXNativeTarget section */
		845EF6C823D835C200831905 /* FakeVK */ = {
			isa = PBXNativeTarget;
			buildConfigurationList = 845EF6DD23D835EB00831905 /* Build configuration list for PBXNativeTarget "FakeVK" */;
			buildPhases = (
				845EF6C523D835C200831905 /* Sources */,
				845EF6C623D835C200831905 /* Frameworks */,
				845EF6C723D835C200831905 /* Resources */,
				8412709723D8435B003C040F /* Embed Frameworks */,
				8412709823D84372003C040F /* ShellScript */,
			);
			buildRules = (
			);
			dependencies = (
			);
			name = FakeVK;
			productName = FakeVK;
			productReference = 845EF6C923D835C200831905 /* FakeVK.app */;
			productType = "com.apple.product-type.application";
		};
/* End PBXNativeTarget section */

/* Begin PBXProject section */
		845EF6C123D835C200831905 /* Project object */ = {
			isa = PBXProject;
			attributes = {
				LastSwiftUpdateCheck = 1130;
				LastUpgradeCheck = 1130;
				ORGANIZATIONNAME = "Kanat Kuanyshbek";
				TargetAttributes = {
					845EF6C823D835C200831905 = {
						CreatedOnToolsVersion = 11.3;
					};
				};
			};
			buildConfigurationList = 845EF6C423D835C200831905 /* Build configuration list for PBXProject "FakeVK" */;
			compatibilityVersion = "Xcode 9.3";
			developmentRegion = en;
			hasScannedForEncodings = 0;
			knownRegions = (
				en,
				Base,
			);
			mainGroup = 845EF6C023D835C200831905;
			productRefGroup = 845EF6CA23D835C200831905 /* Products */;
			projectDirPath = "";
			projectRoot = "";
			targets = (
				845EF6C823D835C200831905 /* FakeVK */,
			);
		};
/* End PBXProject section */

/* Begin PBXResourcesBuildPhase section */
		845EF6C723D835C200831905 /* Resources */ = {
			isa = PBXResourcesBuildPhase;
			buildActionMask = 2147483647;
			files = (
				841270BF23D8823D003C040F /* NewsFeedViewController.storyboard in Resources */,
				845EF6D923D835EB00831905 /* LaunchScreen.storyboard in Resources */,
				841270C423D888F5003C040F /* NewsFeedCell.xib in Resources */,
				8412709F23D84894003C040F /* AuthViewController.storyboard in Resources */,
				845EF6D623D835EB00831905 /* Assets.xcassets in Resources */,
			);
			runOnlyForDeploymentPostprocessing = 0;
		};
/* End PBXResourcesBuildPhase section */

/* Begin PBXShellScriptBuildPhase section */
		8412709823D84372003C040F /* ShellScript */ = {
			isa = PBXShellScriptBuildPhase;
			buildActionMask = 2147483647;
			files = (
			);
			inputFileListPaths = (
			);
			inputPaths = (
				"$(SRCROOT)/Carthage/Build/iOS/VKSdkFramework.framework",
			);
			outputFileListPaths = (
			);
			outputPaths = (
			);
			runOnlyForDeploymentPostprocessing = 0;
			shellPath = /bin/sh;
			shellScript = "/usr/local/bin/carthage copy-frameworks\n";
		};
/* End PBXShellScriptBuildPhase section */

/* Begin PBXSourcesBuildPhase section */
		845EF6C523D835C200831905 /* Sources */ = {
			isa = PBXSourcesBuildPhase;
			buildActionMask = 2147483647;
			files = (
				841270BA23D87F1B003C040F /* NewsFeedModels.swift in Sources */,
				844F037A23DF829700C2AE3D /* Constraints.swift in Sources */,
				844F037823DF823100C2AE3D /* GalleryCollectionViewCell.swift in Sources */,
				841270B923D87F1B003C040F /* NewsFeedRouter.swift in Sources */,
				841270AD23D871D2003C040F /* NetworkDataFetcher.swift in Sources */,
				841270A623D860DC003C040F /* NetworkService.swift in Sources */,
				841270AB23D86C54003C040F /* FeedResponse.swift in Sources */,
				841270C223D888A9003C040F /* NewsFeedCell.swift in Sources */,
				841270BC23D87F1B003C040F /* NewsFeedInteractor.swift in Sources */,
				841270B723D87F1B003C040F /* NewsFeedPresenter.swift in Sources */,
				841270B823D87F1B003C040F /* NewsFeedWorker.swift in Sources */,
				841270CF23D8E789003C040F /* NewsPhotosViewController.swift in Sources */,
				8412709D23D84877003C040F /* AuthViewController.swift in Sources */,
				845EF6CD23D835C300831905 /* AppDelegate.swift in Sources */,
				844F037623DF822300C2AE3D /* GalleryCollectionView.swift in Sources */,
				841270A823D861B0003C040F /* API.swift in Sources */,
				8412709A23D84447003C040F /* AuthService.swift in Sources */,
				841270C723D8A6A3003C040F /* WebImageView.swift in Sources */,
				841270C923D8C51B003C040F /* NewsFeedCellLayoutCalculator.swift in Sources */,
				841270BB23D87F1B003C040F /* NewsFeedViewController.swift in Sources */,
				841270CB23D8D198003C040F /* String + Height.swift in Sources */,
			);
			runOnlyForDeploymentPostprocessing = 0;
		};
/* End PBXSourcesBuildPhase section */

/* Begin PBXVariantGroup section */
		845EF6D723D835EB00831905 /* LaunchScreen.storyboard */ = {
			isa = PBXVariantGroup;
			children = (
				845EF6D823D835EB00831905 /* Base */,
			);
			name = LaunchScreen.storyboard;
			sourceTree = "<group>";
		};
/* End PBXVariantGroup section */

/* Begin XCBuildConfiguration section */
		845EF6DB23D835EB00831905 /* Debug */ = {
			isa = XCBuildConfiguration;
			buildSettings = {
				ALWAYS_SEARCH_USER_PATHS = NO;
				CLANG_ANALYZER_NONNULL = YES;
				CLANG_ANALYZER_NUMBER_OBJECT_CONVERSION = YES_AGGRESSIVE;
				CLANG_CXX_LANGUAGE_STANDARD = "gnu++14";
				CLANG_CXX_LIBRARY = "libc++";
				CLANG_ENABLE_MODULES = YES;
				CLANG_ENABLE_OBJC_ARC = YES;
				CLANG_ENABLE_OBJC_WEAK = YES;
				CLANG_WARN_BLOCK_CAPTURE_AUTORELEASING = YES;
				CLANG_WARN_BOOL_CONVERSION = YES;
				CLANG_WARN_COMMA = YES;
				CLANG_WARN_CONSTANT_CONVERSION = YES;
				CLANG_WARN_DEPRECATED_OBJC_IMPLEMENTATIONS = YES;
				CLANG_WARN_DIRECT_OBJC_ISA_USAGE = YES_ERROR;
				CLANG_WARN_DOCUMENTATION_COMMENTS = YES;
				CLANG_WARN_EMPTY_BODY = YES;
				CLANG_WARN_ENUM_CONVERSION = YES;
				CLANG_WARN_INFINITE_RECURSION = YES;
				CLANG_WARN_INT_CONVERSION = YES;
				CLANG_WARN_NON_LITERAL_NULL_CONVERSION = YES;
				CLANG_WARN_OBJC_IMPLICIT_RETAIN_SELF = YES;
				CLANG_WARN_OBJC_LITERAL_CONVERSION = YES;
				CLANG_WARN_OBJC_ROOT_CLASS = YES_ERROR;
				CLANG_WARN_RANGE_LOOP_ANALYSIS = YES;
				CLANG_WARN_STRICT_PROTOTYPES = YES;
				CLANG_WARN_SUSPICIOUS_MOVE = YES;
				CLANG_WARN_UNGUARDED_AVAILABILITY = YES_AGGRESSIVE;
				CLANG_WARN_UNREACHABLE_CODE = YES;
				CLANG_WARN__DUPLICATE_METHOD_MATCH = YES;
				COPY_PHASE_STRIP = NO;
				DEBUG_INFORMATION_FORMAT = dwarf;
				ENABLE_STRICT_OBJC_MSGSEND = YES;
				ENABLE_TESTABILITY = YES;
				GCC_C_LANGUAGE_STANDARD = gnu11;
				GCC_DYNAMIC_NO_PIC = NO;
				GCC_NO_COMMON_BLOCKS = YES;
				GCC_OPTIMIZATION_LEVEL = 0;
				GCC_PREPROCESSOR_DEFINITIONS = (
					"DEBUG=1",
					"$(inherited)",
				);
				GCC_WARN_64_TO_32_BIT_CONVERSION = YES;
				GCC_WARN_ABOUT_RETURN_TYPE = YES_ERROR;
				GCC_WARN_UNDECLARED_SELECTOR = YES;
				GCC_WARN_UNINITIALIZED_AUTOS = YES_AGGRESSIVE;
				GCC_WARN_UNUSED_FUNCTION = YES;
				GCC_WARN_UNUSED_VARIABLE = YES;
				IPHONEOS_DEPLOYMENT_TARGET = 13.2;
				MTL_ENABLE_DEBUG_INFO = INCLUDE_SOURCE;
				MTL_FAST_MATH = YES;
				ONLY_ACTIVE_ARCH = YES;
				SDKROOT = iphoneos;
				SWIFT_ACTIVE_COMPILATION_CONDITIONS = DEBUG;
				SWIFT_OPTIMIZATION_LEVEL = "-Onone";
			};
			name = Debug;
		};
		845EF6DC23D835EB00831905 /* Release */ = {
			isa = XCBuildConfiguration;
			buildSettings = {
				ALWAYS_SEARCH_USER_PATHS = NO;
				CLANG_ANALYZER_NONNULL = YES;
				CLANG_ANALYZER_NUMBER_OBJECT_CONVERSION = YES_AGGRESSIVE;
				CLANG_CXX_LANGUAGE_STANDARD = "gnu++14";
				CLANG_CXX_LIBRARY = "libc++";
				CLANG_ENABLE_MODULES = YES;
				CLANG_ENABLE_OBJC_ARC = YES;
				CLANG_ENABLE_OBJC_WEAK = YES;
				CLANG_WARN_BLOCK_CAPTURE_AUTORELEASING = YES;
				CLANG_WARN_BOOL_CONVERSION = YES;
				CLANG_WARN_COMMA = YES;
				CLANG_WARN_CONSTANT_CONVERSION = YES;
				CLANG_WARN_DEPRECATED_OBJC_IMPLEMENTATIONS = YES;
				CLANG_WARN_DIRECT_OBJC_ISA_USAGE = YES_ERROR;
				CLANG_WARN_DOCUMENTATION_COMMENTS = YES;
				CLANG_WARN_EMPTY_BODY = YES;
				CLANG_WARN_ENUM_CONVERSION = YES;
				CLANG_WARN_INFINITE_RECURSION = YES;
				CLANG_WARN_INT_CONVERSION = YES;
				CLANG_WARN_NON_LITERAL_NULL_CONVERSION = YES;
				CLANG_WARN_OBJC_IMPLICIT_RETAIN_SELF = YES;
				CLANG_WARN_OBJC_LITERAL_CONVERSION = YES;
				CLANG_WARN_OBJC_ROOT_CLASS = YES_ERROR;
				CLANG_WARN_RANGE_LOOP_ANALYSIS = YES;
				CLANG_WARN_STRICT_PROTOTYPES = YES;
				CLANG_WARN_SUSPICIOUS_MOVE = YES;
				CLANG_WARN_UNGUARDED_AVAILABILITY = YES_AGGRESSIVE;
				CLANG_WARN_UNREACHABLE_CODE = YES;
				CLANG_WARN__DUPLICATE_METHOD_MATCH = YES;
				COPY_PHASE_STRIP = NO;
				DEBUG_INFORMATION_FORMAT = "dwarf-with-dsym";
				ENABLE_NS_ASSERTIONS = NO;
				ENABLE_STRICT_OBJC_MSGSEND = YES;
				GCC_C_LANGUAGE_STANDARD = gnu11;
				GCC_NO_COMMON_BLOCKS = YES;
				GCC_WARN_64_TO_32_BIT_CONVERSION = YES;
				GCC_WARN_ABOUT_RETURN_TYPE = YES_ERROR;
				GCC_WARN_UNDECLARED_SELECTOR = YES;
				GCC_WARN_UNINITIALIZED_AUTOS = YES_AGGRESSIVE;
				GCC_WARN_UNUSED_FUNCTION = YES;
				GCC_WARN_UNUSED_VARIABLE = YES;
				IPHONEOS_DEPLOYMENT_TARGET = 13.2;
				MTL_ENABLE_DEBUG_INFO = NO;
				MTL_FAST_MATH = YES;
				SDKROOT = iphoneos;
				SWIFT_COMPILATION_MODE = wholemodule;
				SWIFT_OPTIMIZATION_LEVEL = "-O";
				VALIDATE_PRODUCT = YES;
			};
			name = Release;
		};
		845EF6DE23D835EB00831905 /* Debug */ = {
			isa = XCBuildConfiguration;
			buildSettings = {
				ASSETCATALOG_COMPILER_APPICON_NAME = AppIcon;
				CODE_SIGN_STYLE = Automatic;
				DEVELOPMENT_TEAM = 5CM4KSXPU2;
				FRAMEWORK_SEARCH_PATHS = (
					"$(inherited)",
					"$(PROJECT_DIR)/Carthage/Build/iOS",
				);
				INFOPLIST_FILE = FakeVK/Info.plist;
				LD_RUNPATH_SEARCH_PATHS = (
					"$(inherited)",
					"@executable_path/Frameworks",
				);
				PRODUCT_BUNDLE_IDENTIFIER = kanat.FakeVK;
				PRODUCT_NAME = "$(TARGET_NAME)";
				SWIFT_VERSION = 5.0;
				TARGETED_DEVICE_FAMILY = "1,2";
			};
			name = Debug;
		};
		845EF6DF23D835EB00831905 /* Release */ = {
			isa = XCBuildConfiguration;
			buildSettings = {
				ASSETCATALOG_COMPILER_APPICON_NAME = AppIcon;
				CODE_SIGN_STYLE = Automatic;
				DEVELOPMENT_TEAM = 5CM4KSXPU2;
				FRAMEWORK_SEARCH_PATHS = (
					"$(inherited)",
					"$(PROJECT_DIR)/Carthage/Build/iOS",
				);
				INFOPLIST_FILE = FakeVK/Info.plist;
				LD_RUNPATH_SEARCH_PATHS = (
					"$(inherited)",
					"@executable_path/Frameworks",
				);
				PRODUCT_BUNDLE_IDENTIFIER = kanat.FakeVK;
				PRODUCT_NAME = "$(TARGET_NAME)";
				SWIFT_VERSION = 5.0;
				TARGETED_DEVICE_FAMILY = "1,2";
			};
			name = Release;
		};
/* End XCBuildConfiguration section */

/* Begin XCConfigurationList section */
		845EF6C423D835C200831905 /* Build configuration list for PBXProject "FakeVK" */ = {
			isa = XCConfigurationList;
			buildConfigurations = (
				845EF6DB23D835EB00831905 /* Debug */,
				845EF6DC23D835EB00831905 /* Release */,
			);
			defaultConfigurationIsVisible = 0;
			defaultConfigurationName = Release;
		};
		845EF6DD23D835EB00831905 /* Build configuration list for PBXNativeTarget "FakeVK" */ = {
			isa = XCConfigurationList;
			buildConfigurations = (
				845EF6DE23D835EB00831905 /* Debug */,
				845EF6DF23D835EB00831905 /* Release */,
			);
			defaultConfigurationIsVisible = 0;
			defaultConfigurationName = Release;
		};
/* End XCConfigurationList section */
	};
	rootObject = 845EF6C123D835C200831905 /* Project object */;
}
